
Microsoft Visual Studio Solution File, Format Version 12.00
# Visual Studio Version 16
VisualStudioVersion = 16.0.31424.327
MinimumVisualStudioVersion = 10.0.40219.1
Project("{9A19103F-16F7-4668-BE54-9A1E7A4F7556}") = "Portal.PowerBI.Server", "Portal.PowerBI\Server\Portal.PowerBI.Server.csproj", "{024C025E-BFBE-433B-B17C-B30AC8ACD9E2}"
EndProject
Project("{9A19103F-16F7-4668-BE54-9A1E7A4F7556}") = "Portal.PowerBI.Client", "Portal.PowerBI\Client\Portal.PowerBI.Client.csproj", "{C1FA97CF-FD61-4EA6-AC91-85B32C00912C}"
EndProject
Project("{9A19103F-16F7-4668-BE54-9A1E7A4F7556}") = "Portal.PowerBI.Shared", "Portal.PowerBI\Shared\Portal.PowerBI.Shared.csproj", "{59553AD9-1CF3-4CE3-B52A-76A171684BD1}"
EndProject
Project("{9A19103F-16F7-4668-BE54-9A1E7A4F7556}") = "Portal.PowerBI.Server.Data", "Portal.PowerBI.Server.Data\Portal.PowerBI.Server.Data.csproj", "{28D906CA-BB83-42F1-9002-2BEEAE084001}"
EndProject
Global
	GlobalSection(SolutionConfigurationPlatforms) = preSolution
		Debug|Any CPU = Debug|Any CPU
		Release|Any CPU = Release|Any CPU
	EndGlobalSection
	GlobalSection(ProjectConfigurationPlatforms) = postSolution
		{024C025E-BFBE-433B-B17C-B30AC8ACD9E2}.Debug|Any CPU.ActiveCfg = Debug|Any CPU
		{024C025E-BFBE-433B-B17C-B30AC8ACD9E2}.Debug|Any CPU.Build.0 = Debug|Any CPU
		{024C025E-BFBE-433B-B17C-B30AC8ACD9E2}.Release|Any CPU.ActiveCfg = Release|Any CPU
		{024C025E-BFBE-433B-B17C-B30AC8ACD9E2}.Release|Any CPU.Build.0 = Release|Any CPU
		{C1FA97CF-FD61-4EA6-AC91-85B32C00912C}.Debug|Any CPU.ActiveCfg = Debug|Any CPU
		{C1FA97CF-FD61-4EA6-AC91-85B32C00912C}.Debug|Any CPU.Build.0 = Debug|Any CPU
		{C1FA97CF-FD61-4EA6-AC91-85B32C00912C}.Release|Any CPU.ActiveCfg = Release|Any CPU
		{C1FA97CF-FD61-4EA6-AC91-85B32C00912C}.Release|Any CPU.Build.0 = Release|Any CPU
		{59553AD9-1CF3-4CE3-B52A-76A171684BD1}.Debug|Any CPU.ActiveCfg = Debug|Any CPU
		{59553AD9-1CF3-4CE3-B52A-76A171684BD1}.Debug|Any CPU.Build.0 = Debug|Any CPU
		{59553AD9-1CF3-4CE3-B52A-76A171684BD1}.Release|Any CPU.ActiveCfg = Release|Any CPU
		{59553AD9-1CF3-4CE3-B52A-76A171684BD1}.Release|Any CPU.Build.0 = Release|Any CPU
		{28D906CA-BB83-42F1-9002-2BEEAE084001}.Debug|Any CPU.ActiveCfg = Debug|Any CPU
		{28D906CA-BB83-42F1-9002-2BEEAE084001}.Debug|Any CPU.Build.0 = Debug|Any CPU
		{28D906CA-BB83-42F1-9002-2BEEAE084001}.Release|Any CPU.ActiveCfg = Release|Any CPU
		{28D906CA-BB83-42F1-9002-2BEEAE084001}.Release|Any CPU.Build.0 = Release|Any CPU
	EndGlobalSection
	GlobalSection(SolutionProperties) = preSolution
		HideSolutionNode = FALSE
	EndGlobalSection
	GlobalSection(ExtensibilityGlobals) = postSolution
		SolutionGuid = {87AA8155-4497-4660-89AF-8FEC50E0BE22}
	EndGlobalSection
EndGlobal
